
Microsoft Visual Studio Solution File, Format Version 12.00
# Visual Studio Version 17
VisualStudioVersion = 17.6.33815.320
MinimumVisualStudioVersion = 10.0.40219.1
Project("{FAE04EC0-301F-11D3-BF4B-00C04F79EFBC}") = "DockerEventMonitor", "DockerEventMonitor\DockerEventMonitor.csproj", "{3922468F-160C-4948-9C18-6A64B2917CB5}"
EndProject
Global
	GlobalSection(SolutionConfigurationPlatforms) = preSolution
		Debug|Any CPU = Debug|Any CPU
		Release|Any CPU = Release|Any CPU
	EndGlobalSection
	GlobalSection(ProjectConfigurationPlatforms) = postSolution
		{3922468F-160C-4948-9C18-6A64B2917CB5}.Debug|Any CPU.ActiveCfg = Debug|Any CPU
		{3922468F-160C-4948-9C18-6A64B2917CB5}.Debug|Any CPU.Build.0 = Debug|Any CPU
		{3922468F-160C-4948-9C18-6A64B2917CB5}.Release|Any CPU.ActiveCfg = Release|Any CPU
		{3922468F-160C-4948-9C18-6A64B2917CB5}.Release|Any CPU.Build.0 = Release|Any CPU
	EndGlobalSection
	GlobalSection(SolutionProperties) = preSolution
		HideSolutionNode = FALSE
	EndGlobalSection
	GlobalSection(ExtensibilityGlobals) = postSolution
		SolutionGuid = {8D402D1A-1861-479B-A9EE-B474B5EE6AE2}
	EndGlobalSection
EndGlobal
